
Microsoft Visual Studio Solution File, Format Version 12.00
# Visual Studio 2015
Project("{FAE04EC0-301F-11D3-BF4B-00C04F79EFBC}") = "BrutalBumper.CSharp.Plugins", "BrutalBumper.CSharp.Plugins.csproj", "{0B553D50-9AE7-9668-CAB7-30C49F075724}"
EndProject
Project("{FAE04EC0-301F-11D3-BF4B-00C04F79EFBC}") = "BrutalBumper.CSharp", "BrutalBumper.CSharp.csproj", "{8909787A-3AA0-94BE-94AD-8BE64AF68293}"
EndProject
Project("{FAE04EC0-301F-11D3-BF4B-00C04F79EFBC}") = "BrutalBumper.CSharp.Editor", "BrutalBumper.CSharp.Editor.csproj", "{2DEEC590-92D0-8DAF-1BCB-551262E8757E}"
EndProject
Global
	GlobalSection(SolutionConfigurationPlatforms) = preSolution
		Debug|Any CPU = Debug|Any CPU
		Release|Any CPU = Release|Any CPU
	EndGlobalSection
	GlobalSection(ProjectConfigurationPlatforms) = postSolution
		{0B553D50-9AE7-9668-CAB7-30C49F075724}.Debug|Any CPU.ActiveCfg = Debug|Any CPU
		{0B553D50-9AE7-9668-CAB7-30C49F075724}.Debug|Any CPU.Build.0 = Debug|Any CPU
		{0B553D50-9AE7-9668-CAB7-30C49F075724}.Release|Any CPU.ActiveCfg = Release|Any CPU
		{0B553D50-9AE7-9668-CAB7-30C49F075724}.Release|Any CPU.Build.0 = Release|Any CPU
		{8909787A-3AA0-94BE-94AD-8BE64AF68293}.Debug|Any CPU.ActiveCfg = Debug|Any CPU
		{8909787A-3AA0-94BE-94AD-8BE64AF68293}.Debug|Any CPU.Build.0 = Debug|Any CPU
		{8909787A-3AA0-94BE-94AD-8BE64AF68293}.Release|Any CPU.ActiveCfg = Release|Any CPU
		{8909787A-3AA0-94BE-94AD-8BE64AF68293}.Release|Any CPU.Build.0 = Release|Any CPU
		{2DEEC590-92D0-8DAF-1BCB-551262E8757E}.Debug|Any CPU.ActiveCfg = Debug|Any CPU
		{2DEEC590-92D0-8DAF-1BCB-551262E8757E}.Debug|Any CPU.Build.0 = Debug|Any CPU
		{2DEEC590-92D0-8DAF-1BCB-551262E8757E}.Release|Any CPU.ActiveCfg = Release|Any CPU
		{2DEEC590-92D0-8DAF-1BCB-551262E8757E}.Release|Any CPU.Build.0 = Release|Any CPU
	EndGlobalSection
	GlobalSection(SolutionProperties) = preSolution
		HideSolutionNode = FALSE
	EndGlobalSection
EndGlobal
